
Microsoft Visual Studio Solution File, Format Version 12.00
# Visual Studio Version 17
VisualStudioVersion = 17.3.32929.385
MinimumVisualStudioVersion = 10.0.40219.1
Project("{FAE04EC0-301F-11D3-BF4B-00C04F79EFBC}") = "VMCollectionTest", "VMCollectionTest\VMCollectionTest.csproj", "{DFF3CB4B-7AE1-4979-A5E4-39F486522835}"
EndProject
Global
	GlobalSection(SolutionConfigurationPlatforms) = preSolution
		Debug|Any CPU = Debug|Any CPU
		Release|Any CPU = Release|Any CPU
	EndGlobalSection
	GlobalSection(ProjectConfigurationPlatforms) = postSolution
		{DFF3CB4B-7AE1-4979-A5E4-39F486522835}.Debug|Any CPU.ActiveCfg = Debug|Any CPU
		{DFF3CB4B-7AE1-4979-A5E4-39F486522835}.Debug|Any CPU.Build.0 = Debug|Any CPU
		{DFF3CB4B-7AE1-4979-A5E4-39F486522835}.Release|Any CPU.ActiveCfg = Release|Any CPU
		{DFF3CB4B-7AE1-4979-A5E4-39F486522835}.Release|Any CPU.Build.0 = Release|Any CPU
	EndGlobalSection
	GlobalSection(SolutionProperties) = preSolution
		HideSolutionNode = FALSE
	EndGlobalSection
	GlobalSection(ExtensibilityGlobals) = postSolution
		SolutionGuid = {990AC2A6-BAFB-46BF-B983-677DCBA9D58E}
	EndGlobalSection
EndGlobal
